<?xml version="1.0" encoding="utf-8"?>
<Project ToolsVersion="4.0" xmlns="http://schemas.microsoft.com/developer/msbuild/2003">
  <ItemGroup>
    <Filter Include="源文件">
      <UniqueIdentifier>{4FC737F1-C7A5-4376-A066-2A32D752A2FF}</UniqueIdentifier>
      <Extensions>cpp;c;cc;cxx;def;odl;idl;hpj;bat;asm;asmx</Extensions>
    </Filter>
    <Filter Include="头文件">
      <UniqueIdentifier>{93995380-89BD-4b04-88EB-625FBE52EBFB}</UniqueIdentifier>
      <Extensions>h;hpp;hxx;hm;inl;inc;xsd</Extensions>
    </Filter>
    <Filter Include="资源文件">
      <UniqueIdentifier>{67DA6AB6-F800-4c08-8B7A-83BB121AAD01}</UniqueIdentifier>
      <Extensions>rc;ico;cur;bmp;dlg;rc2;rct;bin;rgs;gif;jpg;jpeg;jpe;resx;tiff;tif;png;wav</Extensions>
    </Filter>
  </ItemGroup>
  <ItemGroup>
    <ClCompile Include="ComboInListView.cpp">
      <Filter>源文件</Filter>
    </ClCompile>
    <ClCompile Include="DEV.cpp">
      <Filter>源文件</Filter>
    </ClCompile>
    <ClCompile Include="Devs.cpp">
      <Filter>源文件</Filter>
    </ClCompile>
    <ClCompile Include="DPR2UI.cpp">
      <Filter>源文件</Filter>
    </ClCompile>
    <ClCompile Include="FaultFile.cpp">
      <Filter>源文件</Filter>
    </ClCompile>
    <ClCompile Include="FaultFileFrm.cpp">
      <Filter>源文件</Filter>
    </ClCompile>
    <ClCompile Include="FaultFiles.cpp">
      <Filter>源文件</Filter>
    </ClCompile>
    <ClCompile Include="FaultFileView.cpp">
      <Filter>源文件</Filter>
    </ClCompile>
    <ClCompile Include="FileView.cpp">
      <Filter>源文件</Filter>
    </ClCompile>
    <ClCompile Include="H103.cpp">
      <Filter>源文件</Filter>
    </ClCompile>
    <ClCompile Include="listeditctrl.cpp">
      <Filter>源文件</Filter>
    </ClCompile>
    <ClCompile Include="Log.cpp">
      <Filter>源文件</Filter>
    </ClCompile>
    <ClCompile Include="LoopBuf.cpp">
      <Filter>源文件</Filter>
    </ClCompile>
    <ClCompile Include="MainFrm.cpp">
      <Filter>源文件</Filter>
    </ClCompile>
    <ClCompile Include="Markup.cpp">
      <Filter>源文件</Filter>
    </ClCompile>
    <ClCompile Include="MyStatusBar.cpp">
      <Filter>源文件</Filter>
    </ClCompile>
    <ClCompile Include="MySuperGrid.cpp">
      <Filter>源文件</Filter>
    </ClCompile>
    <ClCompile Include="MyTimer.cpp">
      <Filter>源文件</Filter>
    </ClCompile>
    <ClCompile Include="NetClient.cpp">
      <Filter>源文件</Filter>
    </ClCompile>
    <ClCompile Include="OutputWnd.cpp">
      <Filter>源文件</Filter>
    </ClCompile>
    <ClCompile Include="PropertiesWnd.cpp">
      <Filter>源文件</Filter>
    </ClCompile>
    <ClCompile Include="Protocol.cpp">
      <Filter>源文件</Filter>
    </ClCompile>
    <ClCompile Include="PSerialPort.cpp">
      <Filter>源文件</Filter>
    </ClCompile>
    <ClCompile Include="RasClient.cpp">
      <Filter>源文件</Filter>
    </ClCompile>
    <ClCompile Include="SettingFrm.cpp">
      <Filter>源文件</Filter>
    </ClCompile>
    <ClCompile Include="SettingVal.cpp">
      <Filter>源文件</Filter>
    </ClCompile>
    <ClCompile Include="SettingView.cpp">
      <Filter>源文件</Filter>
    </ClCompile>
    <ClCompile Include="StationDataBase.cpp">
      <Filter>源文件</Filter>
    </ClCompile>
    <ClCompile Include="StationDataBases.cpp">
      <Filter>源文件</Filter>
    </ClCompile>
    <ClCompile Include="StationView.cpp">
      <Filter>源文件</Filter>
    </ClCompile>
    <ClCompile Include="stdafx.cpp">
      <Filter>源文件</Filter>
    </ClCompile>
    <ClCompile Include="supergridctrl.cpp">
      <Filter>源文件</Filter>
    </ClCompile>
    <ClCompile Include="TextProgressCtrl.cpp">
      <Filter>源文件</Filter>
    </ClCompile>
    <ClCompile Include="ViewTree.cpp">
      <Filter>源文件</Filter>
    </ClCompile>
  </ItemGroup>
  <ItemGroup>
    <ClInclude Include="ComboInListView.h">
      <Filter>头文件</Filter>
    </ClInclude>
    <ClInclude Include="DEV.h">
      <Filter>头文件</Filter>
    </ClInclude>
    <ClInclude Include="Devs.h">
      <Filter>头文件</Filter>
    </ClInclude>
    <ClInclude Include="DPR2UI.h">
      <Filter>头文件</Filter>
    </ClInclude>
    <ClInclude Include="DPR2UIMacroDef.h">
      <Filter>头文件</Filter>
    </ClInclude>
    <ClInclude Include="FaultFile.h">
      <Filter>头文件</Filter>
    </ClInclude>
    <ClInclude Include="FaultFileFrm.h">
      <Filter>头文件</Filter>
    </ClInclude>
    <ClInclude Include="FaultFiles.h">
      <Filter>头文件</Filter>
    </ClInclude>
    <ClInclude Include="FaultFileView.h">
      <Filter>头文件</Filter>
    </ClInclude>
    <ClInclude Include="FileView.h">
      <Filter>头文件</Filter>
    </ClInclude>
    <ClInclude Include="H103.h">
      <Filter>头文件</Filter>
    </ClInclude>
    <ClInclude Include="listeditctrl.h">
      <Filter>头文件</Filter>
    </ClInclude>
    <ClInclude Include="Log.h">
      <Filter>头文件</Filter>
    </ClInclude>
    <ClInclude Include="LoopBuf.h">
      <Filter>头文件</Filter>
    </ClInclude>
    <ClInclude Include="MainFrm.h">
      <Filter>头文件</Filter>
    </ClInclude>
    <ClInclude Include="Markup.h">
      <Filter>头文件</Filter>
    </ClInclude>
    <ClInclude Include="MyStatusBar.h">
      <Filter>头文件</Filter>
    </ClInclude>
    <ClInclude Include="Mysupergrid.h">
      <Filter>头文件</Filter>
    </ClInclude>
    <ClInclude Include="MyTimer.h">
      <Filter>头文件</Filter>
    </ClInclude>
    <ClInclude Include="NetClient.h">
      <Filter>头文件</Filter>
    </ClInclude>
    <ClInclude Include="OutputWnd.h">
      <Filter>头文件</Filter>
    </ClInclude>
    <ClInclude Include="PropertiesWnd.h">
      <Filter>头文件</Filter>
    </ClInclude>
    <ClInclude Include="Protocol.h">
      <Filter>头文件</Filter>
    </ClInclude>
    <ClInclude Include="PSerialPort.h">
      <Filter>头文件</Filter>
    </ClInclude>
    <ClInclude Include="RasClient.h">
      <Filter>头文件</Filter>
    </ClInclude>
    <ClInclude Include="Resource.h">
      <Filter>头文件</Filter>
    </ClInclude>
    <ClInclude Include="SettingFrm.h">
      <Filter>头文件</Filter>
    </ClInclude>
    <ClInclude Include="SettingVal.h">
      <Filter>头文件</Filter>
    </ClInclude>
    <ClInclude Include="SettingView.h">
      <Filter>头文件</Filter>
    </ClInclude>
    <ClInclude Include="StationDataBase.h">
      <Filter>头文件</Filter>
    </ClInclude>
    <ClInclude Include="StationDataBases.h">
      <Filter>头文件</Filter>
    </ClInclude>
    <ClInclude Include="StationView.h">
      <Filter>头文件</Filter>
    </ClInclude>
    <ClInclude Include="stdafx.h">
      <Filter>头文件</Filter>
    </ClInclude>
    <ClInclude Include="supergridctrl.h">
      <Filter>头文件</Filter>
    </ClInclude>
    <ClInclude Include="targetver.h">
      <Filter>头文件</Filter>
    </ClInclude>
    <ClInclude Include="TextProgressCtrl.h">
      <Filter>头文件</Filter>
    </ClInclude>
    <ClInclude Include="ViewTree.h">
      <Filter>头文件</Filter>
    </ClInclude>
  </ItemGroup>
  <ItemGroup>
    <None Include="res\buttons.bmp">
      <Filter>资源文件</Filter>
    </None>
    <None Include="res\class_view.ico">
      <Filter>资源文件</Filter>
    </None>
    <None Include="res\class_view_hc.ico">
      <Filter>资源文件</Filter>
    </None>
    <None Include="res\classview.bmp">
      <Filter>资源文件</Filter>
    </None>
    <None Include="res\classview_hc.bmp">
      <Filter>资源文件</Filter>
    </None>
    <None Include="res\DPR2UI.ico">
      <Filter>资源文件</Filter>
    </None>
    <None Include="res\DPR2UI.rc2">
      <Filter>资源文件</Filter>
    </None>
    <None Include="res\explorer.bmp">
      <Filter>资源文件</Filter>
    </None>
    <None Include="res\explorer_hc.bmp">
      <Filter>资源文件</Filter>
    </None>
    <None Include="res\file_view.ico">
      <Filter>资源文件</Filter>
    </None>
    <None Include="res\file_view_hc.ico">
      <Filter>资源文件</Filter>
    </None>
    <None Include="res\filelarge.bmp">
      <Filter>资源文件</Filter>
    </None>
    <None Include="res\filesmall.bmp">
      <Filter>资源文件</Filter>
    </None>
    <None Include="res\fileview.bmp">
      <Filter>资源文件</Filter>
    </None>
    <None Include="res\fileview_hc.bmp">
      <Filter>资源文件</Filter>
    </None>
    <None Include="res\main.bmp">
      <Filter>资源文件</Filter>
    </None>
    <None Include="res\menuimages.bmp">
      <Filter>资源文件</Filter>
    </None>
    <None Include="res\menuimages_hc.bmp">
      <Filter>资源文件</Filter>
    </None>
    <None Include="res\output_wnd.ico">
      <Filter>资源文件</Filter>
    </None>
    <None Include="res\output_wnd_hc.ico">
      <Filter>资源文件</Filter>
    </None>
    <None Include="res\properties.bmp">
      <Filter>资源文件</Filter>
    </None>
    <None Include="res\properties_hc.bmp">
      <Filter>资源文件</Filter>
    </None>
    <None Include="res\properties_wnd.ico">
      <Filter>资源文件</Filter>
    </None>
    <None Include="res\properties_wnd_hc.ico">
      <Filter>资源文件</Filter>
    </None>
    <None Include="res\sort.bmp">
      <Filter>资源文件</Filter>
    </None>
    <None Include="res\sort_hc.bmp">
      <Filter>资源文件</Filter>
    </None>
    <None Include="res\Toolbar.bmp">
      <Filter>资源文件</Filter>
    </None>
    <None Include="res\Toolbar256.bmp">
      <Filter>资源文件</Filter>
    </None>
    <None Include="res\writelarge.bmp">
      <Filter>资源文件</Filter>
    </None>
    <None Include="res\writesmall.bmp">
      <Filter>资源文件</Filter>
    </None>
    <None Include="ReadMe.txt" />
  </ItemGroup>
  <ItemGroup>
    <ResourceCompile Include="DPR2UI.rc">
      <Filter>资源文件</Filter>
    </ResourceCompile>
  </ItemGroup>
</Project>